
Microsoft Visual Studio Solution File, Format Version 12.00
# Visual Studio Version 17
VisualStudioVersion = 17.4.33110.190
MinimumVisualStudioVersion = 10.0.40219.1
Project("{FAE04EC0-301F-11D3-BF4B-00C04F79EFBC}") = "FilmesAPI", "FilmesAPI\FilmesAPI.csproj", "{8B6E34BC-7FC1-43DF-9C7E-96099E869FC0}"
EndProject
Global
	GlobalSection(SolutionConfigurationPlatforms) = preSolution
		Debug|Any CPU = Debug|Any CPU
		Release|Any CPU = Release|Any CPU
	EndGlobalSection
	GlobalSection(ProjectConfigurationPlatforms) = postSolution
		{8B6E34BC-7FC1-43DF-9C7E-96099E869FC0}.Debug|Any CPU.ActiveCfg = Debug|Any CPU
		{8B6E34BC-7FC1-43DF-9C7E-96099E869FC0}.Debug|Any CPU.Build.0 = Debug|Any CPU
		{8B6E34BC-7FC1-43DF-9C7E-96099E869FC0}.Release|Any CPU.ActiveCfg = Release|Any CPU
		{8B6E34BC-7FC1-43DF-9C7E-96099E869FC0}.Release|Any CPU.Build.0 = Release|Any CPU
	EndGlobalSection
	GlobalSection(SolutionProperties) = preSolution
		HideSolutionNode = FALSE
	EndGlobalSection
	GlobalSection(ExtensibilityGlobals) = postSolution
		SolutionGuid = {FC876A3F-482F-498C-BA33-2C50626664F9}
	EndGlobalSection
EndGlobal
